
Microsoft Visual Studio Solution File, Format Version 12.00
# Visual Studio 15
VisualStudioVersion = 15.0.28307.168
MinimumVisualStudioVersion = 10.0.40219.1
Project("{FAE04EC0-301F-11D3-BF4B-00C04F79EFBC}") = "Base-Convert-WIN", "Base-Convert-WIN\Base-Convert-WIN.csproj", "{8FC418A4-6F60-4CC9-A559-19F27A884AC3}"
EndProject
Global
	GlobalSection(SolutionConfigurationPlatforms) = preSolution
		Debug|Any CPU = Debug|Any CPU
		Release|Any CPU = Release|Any CPU
	EndGlobalSection
	GlobalSection(ProjectConfigurationPlatforms) = postSolution
		{8FC418A4-6F60-4CC9-A559-19F27A884AC3}.Debug|Any CPU.ActiveCfg = Debug|Any CPU
		{8FC418A4-6F60-4CC9-A559-19F27A884AC3}.Debug|Any CPU.Build.0 = Debug|Any CPU
		{8FC418A4-6F60-4CC9-A559-19F27A884AC3}.Release|Any CPU.ActiveCfg = Release|Any CPU
		{8FC418A4-6F60-4CC9-A559-19F27A884AC3}.Release|Any CPU.Build.0 = Release|Any CPU
	EndGlobalSection
	GlobalSection(SolutionProperties) = preSolution
		HideSolutionNode = FALSE
	EndGlobalSection
	GlobalSection(ExtensibilityGlobals) = postSolution
		SolutionGuid = {EB6EAF2B-AE37-41F5-AEB2-FFD9C0B0FCB4}
	EndGlobalSection
EndGlobal
